PODS:
  - Closures (0.6)
  - GoogleMaps (3.1.0):
    - GoogleMaps/Maps (= 3.1.0)
  - GoogleMaps/Base (3.1.0)
  - GoogleMaps/Maps (3.1.0):
    - GoogleMaps/Base
  - Pulsator (0.5.3)
  - SnapKit (5.0.0)

DEPENDENCIES:
  - Closures
  - GoogleMaps
  - Pulsator
  - SnapKit

SPEC REPOS:
  https://github.com/cocoapods/specs.git:
    - Closures
    - GoogleMaps
    - Pulsator
    - SnapKit

SPEC CHECKSUMS:
  Closures: 7477e86502e33d7ae435b8c60ce219390e06c476
  GoogleMaps: 5c13302e6fe6bb6e686b267196586b91cd594225
  Pulsator: d58707c6827ec862cd89fd727424866795dabd24
  SnapKit: fd22d10eb9aff484d79a8724eab922c1ddf89bcf

PODFILE CHECKSUM: f88e6aa249e6613bb11b8a448683ac88c1499217

COCOAPODS: 1.6.0.beta.2
