// !$*UTF8*$!
{
	archiveVersion = 1;
	classes = {
	};
	objectVersion = 50;
	objects = {

/* Begin PBXBuildFile section */
		5D3A4846228C4DEE00958E18 /* AppDelegate.swift in Sources */ = {isa = PBXBuildFile; fileRef = 5D3A4845228C4DEE00958E18 /* AppDelegate.swift */; };
		5D3A484D228C4DF000958E18 /* Assets.xcassets in Resources */ = {isa = PBXBuildFile; fileRef = 5D3A484C228C4DF000958E18 /* Assets.xcassets */; };
		5D3A485D228C55E000958E18 /* GameViewController.swift in Sources */ = {isa = PBXBuildFile; fileRef = 5D3A485B228C55E000958E18 /* GameViewController.swift */; };
		5D3A485E228C55E000958E18 /* GameViewController.xib in Resources */ = {isa = PBXBuildFile; fileRef = 5D3A485C228C55E000958E18 /* GameViewController.xib */; };
		5D3A4860228C56ED00958E18 /* Main.storyboard in Resources */ = {isa = PBXBuildFile; fileRef = 5D3A485F228C56ED00958E18 /* Main.storyboard */; };
		5D92291B2295B67F001D54B0 /* GameEngine.swift in Sources */ = {isa = PBXBuildFile; fileRef = 5D92291A2295B67F001D54B0 /* GameEngine.swift */; };
		5D92291D2295B6E4001D54B0 /* Player.swift in Sources */ = {isa = PBXBuildFile; fileRef = 5D92291C2295B6E4001D54B0 /* Player.swift */; };
		5DAD0F2A229B1A68008956A0 /* PlayerAnnotation.swift in Sources */ = {isa = PBXBuildFile; fileRef = 5DAD0F29229B1A68008956A0 /* PlayerAnnotation.swift */; };
		5DAD0F2C229B1F6D008956A0 /* PlayerMarkerView.swift in Sources */ = {isa = PBXBuildFile; fileRef = 5DAD0F2B229B1F6D008956A0 /* PlayerMarkerView.swift */; };
/* End PBXBuildFile section */

/* Begin PBXFileReference section */
		5D3A4842228C4DEE00958E18 /* GeoGame.app */ = {isa = PBXFileReference; explicitFileType = wrapper.application; includeInIndex = 0; path = GeoGame.app; sourceTree = BUILT_PRODUCTS_DIR; };
		5D3A4845228C4DEE00958E18 /* AppDelegate.swift */ = {isa = PBXFileReference; lastKnownFileType = sourcecode.swift; path = AppDelegate.swift; sourceTree = "<group>"; };
		5D3A484C228C4DF000958E18 /* Assets.xcassets */ = {isa = PBXFileReference; lastKnownFileType = folder.assetcatalog; path = Assets.xcassets; sourceTree = "<group>"; };
		5D3A4851228C4DF000958E18 /* Info.plist */ = {isa = PBXFileReference; lastKnownFileType = text.plist.xml; path = Info.plist; sourceTree = "<group>"; };
		5D3A485B228C55E000958E18 /* GameViewController.swift */ = {isa = PBXFileReference; lastKnownFileType = sourcecode.swift; path = GameViewController.swift; sourceTree = "<group>"; };
		5D3A485C228C55E000958E18 /* GameViewController.xib */ = {isa = PBXFileReference; lastKnownFileType = file.xib; path = GameViewController.xib; sourceTree = "<group>"; };
		5D3A485F228C56ED00958E18 /* Main.storyboard */ = {isa = PBXFileReference; lastKnownFileType = file.storyboard; path = Main.storyboard; sourceTree = "<group>"; };
		5D92291A2295B67F001D54B0 /* GameEngine.swift */ = {isa = PBXFileReference; lastKnownFileType = sourcecode.swift; path = GameEngine.swift; sourceTree = "<group>"; };
		5D92291C2295B6E4001D54B0 /* Player.swift */ = {isa = PBXFileReference; lastKnownFileType = sourcecode.swift; path = Player.swift; sourceTree = "<group>"; };
		5DAD0F29229B1A68008956A0 /* PlayerAnnotation.swift */ = {isa = PBXFileReference; lastKnownFileType = sourcecode.swift; path = PlayerAnnotation.swift; sourceTree = "<group>"; };
		5DAD0F2B229B1F6D008956A0 /* PlayerMarkerView.swift */ = {isa = PBXFileReference; lastKnownFileType = sourcecode.swift; path = PlayerMarkerView.swift; sourceTree = "<group>"; };
/* End PBXFileReference section */

/* Begin PBXFrameworksBuildPhase section */
		5D3A483F228C4DEE00958E18 /* Frameworks */ = {
			isa = PBXFrameworksBuildPhase;
			buildActionMask = 2147483647;
			files = (
			);
			runOnlyForDeploymentPostprocessing = 0;
		};
/* End PBXFrameworksBuildPhase section */

/* Begin PBXGroup section */
		5D3A4839228C4DEE00958E18 = {
			isa = PBXGroup;
			children = (
				5D3A4844228C4DEE00958E18 /* GeoGame */,
				5D3A4843228C4DEE00958E18 /* Products */,
			);
			sourceTree = "<group>";
		};
		5D3A4843228C4DEE00958E18 /* Products */ = {
			isa = PBXGroup;
			children = (
				5D3A4842228C4DEE00958E18 /* GeoGame.app */,
			);
			name = Products;
			sourceTree = "<group>";
		};
		5D3A4844228C4DEE00958E18 /* GeoGame */ = {
			isa = PBXGroup;
			children = (
				5D3A4845228C4DEE00958E18 /* AppDelegate.swift */,
				5D3A485F228C56ED00958E18 /* Main.storyboard */,
				5D3A485B228C55E000958E18 /* GameViewController.swift */,
				5DAD0F29229B1A68008956A0 /* PlayerAnnotation.swift */,
				5DAD0F2B229B1F6D008956A0 /* PlayerMarkerView.swift */,
				5D92291A2295B67F001D54B0 /* GameEngine.swift */,
				5D92291C2295B6E4001D54B0 /* Player.swift */,
				5D3A485C228C55E000958E18 /* GameViewController.xib */,
				5D3A484C228C4DF000958E18 /* Assets.xcassets */,
				5D3A4851228C4DF000958E18 /* Info.plist */,
			);
			path = GeoGame;
			sourceTree = "<group>";
		};
/* End PBXGroup section */

/* Begin PBXNativeTarget section */
		5D3A4841228C4DEE00958E18 /* GeoGame */ = {
			isa = PBXNativeTarget;
			buildConfigurationList = 5D3A4854228C4DF000958E18 /* Build configuration list for PBXNativeTarget "GeoGame" */;
			buildPhases = (
				5D3A483E228C4DEE00958E18 /* Sources */,
				5D3A483F228C4DEE00958E18 /* Frameworks */,
				5D3A4840228C4DEE00958E18 /* Resources */,
			);
			buildRules = (
			);
			dependencies = (
			);
			name = GeoGame;
			productName = GeoGame;
			productReference = 5D3A4842228C4DEE00958E18 /* GeoGame.app */;
			productType = "com.apple.product-type.application";
		};
/* End PBXNativeTarget section */

/* Begin PBXProject section */
		5D3A483A228C4DEE00958E18 /* Project object */ = {
			isa = PBXProject;
			attributes = {
				LastSwiftUpdateCheck = 1020;
				LastUpgradeCheck = 1020;
				ORGANIZATIONNAME = Anastasia;
				TargetAttributes = {
					5D3A4841228C4DEE00958E18 = {
						CreatedOnToolsVersion = 10.2.1;
					};
				};
			};
			buildConfigurationList = 5D3A483D228C4DEE00958E18 /* Build configuration list for PBXProject "GeoGame" */;
			compatibilityVersion = "Xcode 9.3";
			developmentRegion = en;
			hasScannedForEncodings = 0;
			knownRegions = (
				en,
				Base,
			);
			mainGroup = 5D3A4839228C4DEE00958E18;
			productRefGroup = 5D3A4843228C4DEE00958E18 /* Products */;
			projectDirPath = "";
			projectRoot = "";
			targets = (
				5D3A4841228C4DEE00958E18 /* GeoGame */,
			);
		};
/* End PBXProject section */

/* Begin PBXResourcesBuildPhase section */
		5D3A4840228C4DEE00958E18 /* Resources */ = {
			isa = PBXResourcesBuildPhase;
			buildActionMask = 2147483647;
			files = (
				5D3A4860228C56ED00958E18 /* Main.storyboard in Resources */,
				5D3A485E228C55E000958E18 /* GameViewController.xib in Resources */,
				5D3A484D228C4DF000958E18 /* Assets.xcassets in Resources */,
			);
			runOnlyForDeploymentPostprocessing = 0;
		};
/* End PBXResourcesBuildPhase section */

/* Begin PBXSourcesBuildPhase section */
		5D3A483E228C4DEE00958E18 /* Sources */ = {
			isa = PBXSourcesBuildPhase;
			buildActionMask = 2147483647;
			files = (
				5DAD0F2A229B1A68008956A0 /* PlayerAnnotation.swift in Sources */,
				5D92291D2295B6E4001D54B0 /* Player.swift in Sources */,
				5DAD0F2C229B1F6D008956A0 /* PlayerMarkerView.swift in Sources */,
				5D3A4846228C4DEE00958E18 /* AppDelegate.swift in Sources */,
				5D92291B2295B67F001D54B0 /* GameEngine.swift in Sources */,
				5D3A485D228C55E000958E18 /* GameViewController.swift in Sources */,
			);
			runOnlyForDeploymentPostprocessing = 0;
		};
/* End PBXSourcesBuildPhase section */

/* Begin XCBuildConfiguration section */
		5D3A4852228C4DF000958E18 /* Debug */ = {
			isa = XCBuildConfiguration;
			buildSettings = {
				ALWAYS_SEARCH_USER_PATHS = NO;
				CLANG_ANALYZER_NONNULL = YES;
				CLANG_ANALYZER_NUMBER_OBJECT_CONVERSION = YES_AGGRESSIVE;
				CLANG_CXX_LANGUAGE_STANDARD = "gnu++14";
				CLANG_CXX_LIBRARY = "libc++";
				CLANG_ENABLE_MODULES = YES;
				CLANG_ENABLE_OBJC_ARC = YES;
				CLANG_ENABLE_OBJC_WEAK = YES;
				CLANG_WARN_BLOCK_CAPTURE_AUTORELEASING = YES;
				CLANG_WARN_BOOL_CONVERSION = YES;
				CLANG_WARN_COMMA = YES;
				CLANG_WARN_CONSTANT_CONVERSION = YES;
				CLANG_WARN_DEPRECATED_OBJC_IMPLEMENTATIONS = YES;
				CLANG_WARN_DIRECT_OBJC_ISA_USAGE = YES_ERROR;
				CLANG_WARN_DOCUMENTATION_COMMENTS = YES;
				CLANG_WARN_EMPTY_BODY = YES;
				CLANG_WARN_ENUM_CONVERSION = YES;
				CLANG_WARN_INFINITE_RECURSION = YES;
				CLANG_WARN_INT_CONVERSION = YES;
				CLANG_WARN_NON_LITERAL_NULL_CONVERSION = YES;
				CLANG_WARN_OBJC_IMPLICIT_RETAIN_SELF = YES;
				CLANG_WARN_OBJC_LITERAL_CONVERSION = YES;
				CLANG_WARN_OBJC_ROOT_CLASS = YES_ERROR;
				CLANG_WARN_RANGE_LOOP_ANALYSIS = YES;
				CLANG_WARN_STRICT_PROTOTYPES = YES;
				CLANG_WARN_SUSPICIOUS_MOVE = YES;
				CLANG_WARN_UNGUARDED_AVAILABILITY = YES_AGGRESSIVE;
				CLANG_WARN_UNREACHABLE_CODE = YES;
				CLANG_WARN__DUPLICATE_METHOD_MATCH = YES;
				CODE_SIGN_IDENTITY = "iPhone Developer";
				COPY_PHASE_STRIP = NO;
				DEBUG_INFORMATION_FORMAT = dwarf;
				ENABLE_STRICT_OBJC_MSGSEND = YES;
				ENABLE_TESTABILITY = YES;
				GCC_C_LANGUAGE_STANDARD = gnu11;
				GCC_DYNAMIC_NO_PIC = NO;
				GCC_NO_COMMON_BLOCKS = YES;
				GCC_OPTIMIZATION_LEVEL = 0;
				GCC_PREPROCESSOR_DEFINITIONS = (
					"DEBUG=1",
					"$(inherited)",
				);
				GCC_WARN_64_TO_32_BIT_CONVERSION = YES;
				GCC_WARN_ABOUT_RETURN_TYPE = YES_ERROR;
				GCC_WARN_UNDECLARED_SELECTOR = YES;
				GCC_WARN_UNINITIALIZED_AUTOS = YES_AGGRESSIVE;
				GCC_WARN_UNUSED_FUNCTION = YES;
				GCC_WARN_UNUSED_VARIABLE = YES;
				IPHONEOS_DEPLOYMENT_TARGET = 12.2;
				MTL_ENABLE_DEBUG_INFO = INCLUDE_SOURCE;
				MTL_FAST_MATH = YES;
				ONLY_ACTIVE_ARCH = YES;
				SDKROOT = iphoneos;
				SWIFT_ACTIVE_COMPILATION_CONDITIONS = DEBUG;
				SWIFT_OPTIMIZATION_LEVEL = "-Onone";
			};
			name = Debug;
		};
		5D3A4853228C4DF000958E18 /* Release */ = {
			isa = XCBuildConfiguration;
			buildSettings = {
				ALWAYS_SEARCH_USER_PATHS = NO;
				CLANG_ANALYZER_NONNULL = YES;
				CLANG_ANALYZER_NUMBER_OBJECT_CONVERSION = YES_AGGRESSIVE;
				CLANG_CXX_LANGUAGE_STANDARD = "gnu++14";
				CLANG_CXX_LIBRARY = "libc++";
				CLANG_ENABLE_MODULES = YES;
				CLANG_ENABLE_OBJC_ARC = YES;
				CLANG_ENABLE_OBJC_WEAK = YES;
				CLANG_WARN_BLOCK_CAPTURE_AUTORELEASING = YES;
				CLANG_WARN_BOOL_CONVERSION = YES;
				CLANG_WARN_COMMA = YES;
				CLANG_WARN_CONSTANT_CONVERSION = YES;
				CLANG_WARN_DEPRECATED_OBJC_IMPLEMENTATIONS = YES;
				CLANG_WARN_DIRECT_OBJC_ISA_USAGE = YES_ERROR;
				CLANG_WARN_DOCUMENTATION_COMMENTS = YES;
				CLANG_WARN_EMPTY_BODY = YES;
				CLANG_WARN_ENUM_CONVERSION = YES;
				CLANG_WARN_INFINITE_RECURSION = YES;
				CLANG_WARN_INT_CONVERSION = YES;
				CLANG_WARN_NON_LITERAL_NULL_CONVERSION = YES;
				CLANG_WARN_OBJC_IMPLICIT_RETAIN_SELF = YES;
				CLANG_WARN_OBJC_LITERAL_CONVERSION = YES;
				CLANG_WARN_OBJC_ROOT_CLASS = YES_ERROR;
				CLANG_WARN_RANGE_LOOP_ANALYSIS = YES;
				CLANG_WARN_STRICT_PROTOTYPES = YES;
				CLANG_WARN_SUSPICIOUS_MOVE = YES;
				CLANG_WARN_UNGUARDED_AVAILABILITY = YES_AGGRESSIVE;
				CLANG_WARN_UNREACHABLE_CODE = YES;
				CLANG_WARN__DUPLICATE_METHOD_MATCH = YES;
				CODE_SIGN_IDENTITY = "iPhone Developer";
				COPY_PHASE_STRIP = NO;
				DEBUG_INFORMATION_FORMAT = "dwarf-with-dsym";
				ENABLE_NS_ASSERTIONS = NO;
				ENABLE_STRICT_OBJC_MSGSEND = YES;
				GCC_C_LANGUAGE_STANDARD = gnu11;
				GCC_NO_COMMON_BLOCKS = YES;
				GCC_WARN_64_TO_32_BIT_CONVERSION = YES;
				GCC_WARN_ABOUT_RETURN_TYPE = YES_ERROR;
				GCC_WARN_UNDECLARED_SELECTOR = YES;
				GCC_WARN_UNINITIALIZED_AUTOS = YES_AGGRESSIVE;
				GCC_WARN_UNUSED_FUNCTION = YES;
				GCC_WARN_UNUSED_VARIABLE = YES;
				IPHONEOS_DEPLOYMENT_TARGET = 12.2;
				MTL_ENABLE_DEBUG_INFO = NO;
				MTL_FAST_MATH = YES;
				SDKROOT = iphoneos;
				SWIFT_COMPILATION_MODE = wholemodule;
				SWIFT_OPTIMIZATION_LEVEL = "-O";
				VALIDATE_PRODUCT = YES;
			};
			name = Release;
		};
		5D3A4855228C4DF000958E18 /* Debug */ = {
			isa = XCBuildConfiguration;
			buildSettings = {
				ASSETCATALOG_COMPILER_APPICON_NAME = AppIcon;
				CODE_SIGN_STYLE = Automatic;
				INFOPLIST_FILE = GeoGame/Info.plist;
				LD_RUNPATH_SEARCH_PATHS = (
					"$(inherited)",
					"@executable_path/Frameworks",
				);
				PRODUCT_BUNDLE_IDENTIFIER = as.GeoGame;
				PRODUCT_NAME = "$(TARGET_NAME)";
				SWIFT_VERSION = 5.0;
				TARGETED_DEVICE_FAMILY = "1,2";
			};
			name = Debug;
		};
		5D3A4856228C4DF000958E18 /* Release */ = {
			isa = XCBuildConfiguration;
			buildSettings = {
				ASSETCATALOG_COMPILER_APPICON_NAME = AppIcon;
				CODE_SIGN_STYLE = Automatic;
				INFOPLIST_FILE = GeoGame/Info.plist;
				LD_RUNPATH_SEARCH_PATHS = (
					"$(inherited)",
					"@executable_path/Frameworks",
				);
				PRODUCT_BUNDLE_IDENTIFIER = as.GeoGame;
				PRODUCT_NAME = "$(TARGET_NAME)";
				SWIFT_VERSION = 5.0;
				TARGETED_DEVICE_FAMILY = "1,2";
			};
			name = Release;
		};
/* End XCBuildConfiguration section */

/* Begin XCConfigurationList section */
		5D3A483D228C4DEE00958E18 /* Build configuration list for PBXProject "GeoGame" */ = {
			isa = XCConfigurationList;
			buildConfigurations = (
				5D3A4852228C4DF000958E18 /* Debug */,
				5D3A4853228C4DF000958E18 /* Release */,
			);
			defaultConfigurationIsVisible = 0;
			defaultConfigurationName = Release;
		};
		5D3A4854228C4DF000958E18 /* Build configuration list for PBXNativeTarget "GeoGame" */ = {
			isa = XCConfigurationList;
			buildConfigurations = (
				5D3A4855228C4DF000958E18 /* Debug */,
				5D3A4856228C4DF000958E18 /* Release */,
			);
			defaultConfigurationIsVisible = 0;
			defaultConfigurationName = Release;
		};
/* End XCConfigurationList section */
	};
	rootObject = 5D3A483A228C4DEE00958E18 /* Project object */;
}
